{
  "name": "file-share-rs",
  "lockfileVersion": 3,
  "requires": true,
  "packages": {
    "": {
      "devDependencies": {
        "daisyui": "^5.5.18"
      }
    },
    "node_modules/daisyui": {
      "version": "5.5.18",
      "resolved": "https://registry.npmjs.org/daisyui/-/daisyui-5.5.18.tgz",
      "integrity": "sha512-VVzjpOitMGB6DWIBeRSapbjdOevFqyzpk9u5Um6a4tyId3JFrU5pbtF0vgjXDth76mJZbueN/j9Ok03SPrh/og==",
      "dev": true,
      "license": "MIT",
      "funding": {
        "url": "https://github.com/saadeghi/daisyui?sponsor=1"
      }
    }
  }
}
