{
  "name": "file-share-rs",
  "lockfileVersion": 3,
  "requires": true,
  "packages": {
    "": {
      "devDependencies": {
        "daisyui": "^5.7.37"
      }
    },
    "node_modules/daisyui": {
      "version": "5.7.37",
      "resolved": "https://registry.npmjs.org/daisyui/-/daisyui-5.7.37.tgz",
      "integrity": "sha512-PVcdAcL0ni6/wmcNwvldARZuO0HdzxtjVEAT86ie9GMgFjwmqIWeXsPaM2/eYqLb4WMexqj146C5Z1xmzZDnjg==",
      "dev": true,
      "license": "MIT",
      "funding": {
        "url": "https://github.com/saadeghi/daisyui?sponsor=1"
      }
    }
  }
}
